
Microsoft Visual Studio Solution File, Format Version 12.00
# Visual Studio 15
VisualStudioVersion = 15.0.28307.1000
MinimumVisualStudioVersion = 10.0.40219.1
Project("{FAE04EC0-301F-11D3-BF4B-00C04F79EFBC}") = "Vue", "Vue\Vue.csproj", "{19A470C2-A8C5-4D43-902A-10DA34EFAEA7}"
EndProject
Project("{FAE04EC0-301F-11D3-BF4B-00C04F79EFBC}") = "WebAPI", "WebAPI\WebAPI.csproj", "{D725D521-24AF-4A3E-91D4-2014D96E8CC6}"
EndProject
Global
	GlobalSection(SolutionConfigurationPlatforms) = preSolution
		Debug|Any CPU = Debug|Any CPU
		Release|Any CPU = Release|Any CPU
	EndGlobalSection
	GlobalSection(ProjectConfigurationPlatforms) = postSolution
		{19A470C2-A8C5-4D43-902A-10DA34EFAEA7}.Debug|Any CPU.ActiveCfg = Debug|Any CPU
		{19A470C2-A8C5-4D43-902A-10DA34EFAEA7}.Debug|Any CPU.Build.0 = Debug|Any CPU
		{19A470C2-A8C5-4D43-902A-10DA34EFAEA7}.Release|Any CPU.ActiveCfg = Release|Any CPU
		{19A470C2-A8C5-4D43-902A-10DA34EFAEA7}.Release|Any CPU.Build.0 = Release|Any CPU
		{D725D521-24AF-4A3E-91D4-2014D96E8CC6}.Debug|Any CPU.ActiveCfg = Debug|Any CPU
		{D725D521-24AF-4A3E-91D4-2014D96E8CC6}.Debug|Any CPU.Build.0 = Debug|Any CPU
		{D725D521-24AF-4A3E-91D4-2014D96E8CC6}.Release|Any CPU.ActiveCfg = Release|Any CPU
		{D725D521-24AF-4A3E-91D4-2014D96E8CC6}.Release|Any CPU.Build.0 = Release|Any CPU
	EndGlobalSection
	GlobalSection(SolutionProperties) = preSolution
		HideSolutionNode = FALSE
	EndGlobalSection
	GlobalSection(ExtensibilityGlobals) = postSolution
		SolutionGuid = {68AC7CB2-E08A-4093-A6AF-00B6542A1ABB}
	EndGlobalSection
EndGlobal
